
Microsoft Visual Studio Solution File, Format Version 12.00
# Visual Studio Version 18
VisualStudioVersion = 18.0.11010.61
MinimumVisualStudioVersion = 10.0.40219.1
Project("{FAE04EC0-301F-11D3-BF4B-00C04F79EFBC}") = "DPM225449_TranDinhNgon_Patten01_AbstractFactory", "DPM225449_TranDinhNgon_Patten01_AbstractFactory\DPM225449_TranDinhNgon_Patten01_AbstractFactory.csproj", "{F0C066F4-2521-4E1B-8FDD-3B4B00D4F4B0}"
EndProject
Project("{FAE04EC0-301F-11D3-BF4B-00C04F79EFBC}") = "DPM225449_TranDinhNgon_Real01_AbstractFactory", "DPM225449_TranDinhNgon_Real01_AbstractFactory\DPM225449_TranDinhNgon_Real01_AbstractFactory.csproj", "{E307667B-3D0A-4B79-82EC-53487B4A0DC4}"
EndProject
Project("{FAE04EC0-301F-11D3-BF4B-00C04F79EFBC}") = "DPM225449_TranDinhNgon_MyReal01_AbstractFactory", "DPM225449_TranDinhNgon_MyReal01_AbstractFactory\DPM225449_TranDinhNgon_MyReal01_AbstractFactory.csproj", "{68BFC9B0-6523-424C-8F19-D80EA6A55174}"
EndProject
Project("{FAE04EC0-301F-11D3-BF4B-00C04F79EFBC}") = "DPM225449_TranDinhNgon_Pattern02_Builder", "DPM225449_TranDinhNgon_Pattern02_Builder\DPM225449_TranDinhNgon_Pattern02_Builder.csproj", "{EC2517C6-C1C6-462C-A273-5462E41584B3}"
EndProject
Project("{FAE04EC0-301F-11D3-BF4B-00C04F79EFBC}") = "DPM225449_TranDinhNgon_Real02_Builer", "DPM225449_TranDinhNgon_Real02_Builer\DPM225449_TranDinhNgon_Real02_Builer.csproj", "{B3457B4A-22DB-4C69-BC12-CFAF3F696F87}"
EndProject
Project("{2150E333-8FDC-42A3-9474-1A3956D46DE8}") = "Builder", "Builder", "{02EA681E-C7D8-13C7-8484-4AC65E1B71E8}"
EndProject
Project("{2150E333-8FDC-42A3-9474-1A3956D46DE8}") = "AbstractFactory", "AbstractFactory", "{7F06855F-DE6F-44E2-A8C7-DAABC1422057}"
EndProject
Project("{2150E333-8FDC-42A3-9474-1A3956D46DE8}") = "Factory Method", "Factory Method", "{00B1B6BC-66EE-4E9B-8FAC-4DFDC67E2980}"
EndProject
Project("{FAE04EC0-301F-11D3-BF4B-00C04F79EFBC}") = "DPM225449_TranDinhNgon_Pattern03_Factory Method", "DPM225449_TranDinhNgon_Pattern03_Factory Method\DPM225449_TranDinhNgon_Pattern03_Factory Method.csproj", "{D5EABEAE-83DF-41A5-B88C-205609BCC9CA}"
EndProject
Project("{FAE04EC0-301F-11D3-BF4B-00C04F79EFBC}") = "DPM225449_TranDinhNgon_Real03_Factory Method", "DPM225449_TranDinhNgon_Real03_Factory Method\DPM225449_TranDinhNgon_Real03_Factory Method.csproj", "{EB3BBD48-93E8-4941-9395-83FF48160FC4}"
EndProject
Project("{2150E333-8FDC-42A3-9474-1A3956D46DE8}") = "Prototype", "Prototype", "{50C129F1-8623-42A3-B5B1-B42E462F8EB2}"
EndProject
Project("{FAE04EC0-301F-11D3-BF4B-00C04F79EFBC}") = "DPM225449_TranDinhNgon_Pattern04_Prototype", "DPM225449_TranDinhNgon_Pattern04_Prototype\DPM225449_TranDinhNgon_Pattern04_Prototype.csproj", "{0698057C-114B-4E41-866B-A401BF92AA57}"
EndProject
Project("{FAE04EC0-301F-11D3-BF4B-00C04F79EFBC}") = "DPM225449_TranDinhNgon_Real04_Prototype", "DPM225449_TranDinhNgon_Real04_Prototype\DPM225449_TranDinhNgon_Real04_Prototype.csproj", "{009E53BF-756A-499E-9472-09772C8AF97F}"
EndProject
Project("{2150E333-8FDC-42A3-9474-1A3956D46DE8}") = "Singleton", "Singleton", "{46A3E327-66B7-460B-9A44-C274C2D4D237}"
EndProject
Project("{FAE04EC0-301F-11D3-BF4B-00C04F79EFBC}") = "DPM225449_TranDinhNgon_Pattern05_Singleton", "DPM225449_TranDinhNgon_Pattern05_Singleton\DPM225449_TranDinhNgon_Pattern05_Singleton.csproj", "{E30264FE-CAEF-49B7-A995-0EE23D0C930A}"
EndProject
Project("{FAE04EC0-301F-11D3-BF4B-00C04F79EFBC}") = "DPM225449_TranDinhNgon_Real05_Singleton", "DPM225449_TranDinhNgon_Real05_Singleton\DPM225449_TranDinhNgon_Real05_Singleton.csproj", "{379D654B-F1B0-4C4D-9A0F-1AA11BE1968D}"
EndProject
Project("{2150E333-8FDC-42A3-9474-1A3956D46DE8}") = "Adapter", "Adapter", "{A2B04812-06A3-4F84-AF19-35DD831169A1}"
EndProject
Project("{FAE04EC0-301F-11D3-BF4B-00C04F79EFBC}") = "DPM225449_TranDinhNgon_Pattern06_Adapter", "DPM225449_TranDinhNgon_Pattern06_Adapter\DPM225449_TranDinhNgon_Pattern06_Adapter.csproj", "{9E8249ED-AB4E-455B-B2D7-D109938BA46D}"
EndProject
Project("{FAE04EC0-301F-11D3-BF4B-00C04F79EFBC}") = "DPM225449_TranDinhNgon_Real06_Adapter", "DPM225449_TranDinhNgon_Real06_Adapter\DPM225449_TranDinhNgon_Real06_Adapter.csproj", "{FF70F29A-6384-4977-A75B-D8B9A8F44C41}"
EndProject
Project("{2150E333-8FDC-42A3-9474-1A3956D46DE8}") = "Bridge", "Bridge", "{EB1A234E-671E-4861-B4A8-F4D7E047517E}"
EndProject
Project("{FAE04EC0-301F-11D3-BF4B-00C04F79EFBC}") = "DPM225449_TranDinhNgon_Pattern07_Bridge", "DPM225449_TranDinhNgon_Pattern07_Bridge\DPM225449_TranDinhNgon_Pattern07_Bridge.csproj", "{5F52F9BD-858F-401E-B634-2B3EA496BE30}"
EndProject
Project("{FAE04EC0-301F-11D3-BF4B-00C04F79EFBC}") = "DPM225449_TranDinhNgon_Real07_Bridge", "DPM225449_TranDinhNgon_Real07_Bridge\DPM225449_TranDinhNgon_Real07_Bridge.csproj", "{51D1BB68-F5C2-4B91-A089-9621B5CA1E71}"
EndProject
Project("{2150E333-8FDC-42A3-9474-1A3956D46DE8}") = "Composite", "Composite", "{CEAA6917-CB9E-4434-A609-7AD06EF21372}"
EndProject
Project("{FAE04EC0-301F-11D3-BF4B-00C04F79EFBC}") = "DPM225449_TranDinhNgon_Pattern08_Composite", "DPM225449_TranDinhNgon_Pattern08_Composite\DPM225449_TranDinhNgon_Pattern08_Composite.csproj", "{32B282E3-CEFD-4718-8F57-14D7E91B7F89}"
EndProject
Project("{FAE04EC0-301F-11D3-BF4B-00C04F79EFBC}") = "DPM225449_TranDinhNgon_Real08_Composite", "DPM225449_TranDinhNgon_Real08_Composite\DPM225449_TranDinhNgon_Real08_Composite.csproj", "{A8E18B25-439C-43A4-89BF-53C57BAD7991}"
EndProject
Project("{2150E333-8FDC-42A3-9474-1A3956D46DE8}") = "Decorator", "Decorator", "{93BFA314-9331-47C1-831A-0D8394F1667F}"
EndProject
Project("{FAE04EC0-301F-11D3-BF4B-00C04F79EFBC}") = "DPM225449_TranDinhNgon_Pattern09_Decorator", "DPM225449_TranDinhNgon_Pattern09_Decorator\DPM225449_TranDinhNgon_Pattern09_Decorator.csproj", "{A90CF889-A721-460C-81BB-152B480F54C5}"
EndProject
Project("{FAE04EC0-301F-11D3-BF4B-00C04F79EFBC}") = "DPM225449_TranDinhNgon_Real09_Decorator", "DPM225449_TranDinhNgon_Real09_Decorator\DPM225449_TranDinhNgon_Real09_Decorator.csproj", "{1699375E-8B1C-4767-9DA4-FCE4BC264290}"
EndProject
Project("{2150E333-8FDC-42A3-9474-1A3956D46DE8}") = "Facade", "Facade", "{ED8296EC-5E76-478F-B68C-85B9653DC5E7}"
EndProject
Project("{FAE04EC0-301F-11D3-BF4B-00C04F79EFBC}") = "DPM225449_TranDinhNgon_Pattern10_Facade", "DPM225449_TranDinhNgon_Pattern10_Facade\DPM225449_TranDinhNgon_Pattern10_Facade.csproj", "{B4C0CE5C-48CA-435D-958E-5702D11DB4EB}"
EndProject
Project("{FAE04EC0-301F-11D3-BF4B-00C04F79EFBC}") = "DPM225449_TranDinhNgon_Real10_Facade", "DPM225449_TranDinhNgon_Real10_Facade\DPM225449_TranDinhNgon_Real10_Facade.csproj", "{96FDAD58-839C-4243-864D-3C750B672E10}"
EndProject
Project("{FAE04EC0-301F-11D3-BF4B-00C04F79EFBC}") = "DPM225449_TranDinhNgon_MyReal06_Adapter", "DPM225449_TranDinhNgon_MyReal06_Adapter\DPM225449_TranDinhNgon_MyReal06_Adapter.csproj", "{0D767634-56BE-42B3-A397-7B56BBECD4B9}"
EndProject
Project("{FAE04EC0-301F-11D3-BF4B-00C04F79EFBC}") = "DPM225449_TranDinhNgon_MyReal07_Bridge", "DPM225449_TranDinhNgon_MyReal07_Bridge\DPM225449_TranDinhNgon_MyReal07_Bridge.csproj", "{867D1A88-DFB7-449B-BDF7-12B503C1B947}"
EndProject
Project("{FAE04EC0-301F-11D3-BF4B-00C04F79EFBC}") = "DPM225449_TranDinhNgon_MyReal02_Builer", "DPM225449_TranDinhNgon_MyReal02_Builer\DPM225449_TranDinhNgon_MyReal02_Builer.csproj", "{AA174D46-93C2-4034-943C-19FC66B320FA}"
EndProject
Project("{FAE04EC0-301F-11D3-BF4B-00C04F79EFBC}") = "DPM225449_TranDinhNgon_MyReal08_Composite", "DPM225449_TranDinhNgon_MyReal08_Composite\DPM225449_TranDinhNgon_MyReal08_Composite.csproj", "{D1B605FA-51F8-471B-B42F-DA20B0966F7C}"
EndProject
Project("{FAE04EC0-301F-11D3-BF4B-00C04F79EFBC}") = "DPM225449_TranDinhNgon_MyReal09_Decorator", "DPM225449_TranDinhNgon_MyReal09_Decorator\DPM225449_TranDinhNgon_MyReal09_Decorator.csproj", "{3CFF40F5-700C-4112-9F67-9AD97CDCB3FC}"
EndProject
Project("{FAE04EC0-301F-11D3-BF4B-00C04F79EFBC}") = "DPM225449_TranDinhNgon_MyReal10_Facade", "DPM225449_TranDinhNgon_MyReal10_Facade\DPM225449_TranDinhNgon_MyReal10_Facade.csproj", "{DD108DDC-B152-422F-A640-893FD771BA67}"
EndProject
Project("{FAE04EC0-301F-11D3-BF4B-00C04F79EFBC}") = "DPM225449_TranDinhNgon_MyReal03_Factory Method", "DPM225449_TranDinhNgon_MyReal03_Factory Method\DPM225449_TranDinhNgon_MyReal03_Factory Method.csproj", "{3EC593DE-E3C2-434D-A7D8-F80BE3D01F9E}"
EndProject
Project("{FAE04EC0-301F-11D3-BF4B-00C04F79EFBC}") = "DPM225449_TranDinhNgon_MyReal04_Prototype", "DPM225449_TranDinhNgon_MyReal04_Prototype\DPM225449_TranDinhNgon_MyReal04_Prototype.csproj", "{E1FFBA59-B142-421E-ACDD-1DDAE8AC7C68}"
EndProject
Project("{FAE04EC0-301F-11D3-BF4B-00C04F79EFBC}") = "DPM225449_TranDinhNgon_MyReal05_Singleton", "DPM225449_TranDinhNgon_MyReal05_Singleton\DPM225449_TranDinhNgon_MyReal05_Singleton.csproj", "{E4965936-DD6D-4A21-BDAB-5FDE9FD096AE}"
EndProject
Project("{2150E333-8FDC-42A3-9474-1A3956D46DE8}") = "Flyweight", "Flyweight", "{2481ABEE-9B3A-4746-BFC3-B3CACEE0E779}"
EndProject
Project("{FAE04EC0-301F-11D3-BF4B-00C04F79EFBC}") = "DPM225449_TranDinhNgon_Pattern11_Flyweight", "DPM225449_TranDinhNgon_Pattern11_Flyweight\DPM225449_TranDinhNgon_Pattern11_Flyweight.csproj", "{9C595624-FF75-44E0-90E2-570D5DE0B6E0}"
EndProject
Project("{FAE04EC0-301F-11D3-BF4B-00C04F79EFBC}") = "DPM225449_TranDinhNgon_Real11_Flyweight", "DPM225449_TranDinhNgon_Real11_Flyweight\DPM225449_TranDinhNgon_Real11_Flyweight.csproj", "{D3EFA97E-1FAB-422E-B485-AAFEC902134C}"
EndProject
Project("{FAE04EC0-301F-11D3-BF4B-00C04F79EFBC}") = "DPM225449_TranDinhNgon_MyReal11_Flyweight", "DPM225449_TranDinhNgon_MyReal11_Flyweight\DPM225449_TranDinhNgon_MyReal11_Flyweight.csproj", "{90A6E58F-CE9B-47CB-962F-4C49A3D9D3D2}"
EndProject
Project("{2150E333-8FDC-42A3-9474-1A3956D46DE8}") = "Proxy", "Proxy", "{75F7323B-2A27-437E-BDE8-D14D8C05F2E7}"
EndProject
Project("{FAE04EC0-301F-11D3-BF4B-00C04F79EFBC}") = "DPM225449_TranDinhNgon_Pattern12_Proxy", "DPM225449_TranDinhNgon_Pattern12_Proxy\DPM225449_TranDinhNgon_Pattern12_Proxy.csproj", "{5DE95332-DDAE-4F05-AA40-B68A319C01E6}"
EndProject
Project("{FAE04EC0-301F-11D3-BF4B-00C04F79EFBC}") = "DPM225449_TranDinhNgon_Real12_Proxy", "DPM225449_TranDinhNgon_Real12_Proxy\DPM225449_TranDinhNgon_Real12_Proxy.csproj", "{459CBCE2-0ACE-4A37-9F07-2332228BADBC}"
EndProject
Project("{FAE04EC0-301F-11D3-BF4B-00C04F79EFBC}") = "DPM225449_TranDinhNgon_MyReal12_Proxy", "DPM225449_TranDinhNgon_MyReal12_Proxy\DPM225449_TranDinhNgon_MyReal12_Proxy.csproj", "{2B7D53D7-FC30-4C27-BF7E-EC470E575D90}"
EndProject
Project("{2150E333-8FDC-42A3-9474-1A3956D46DE8}") = "Chain of Responsibility", "Chain of Responsibility", "{6E8308C2-5EA2-423A-A975-D29A3FB5FB07}"
EndProject
Project("{FAE04EC0-301F-11D3-BF4B-00C04F79EFBC}") = "DPM225449_TranDinhNgon_Pattern13_Chain of Responsibility", "DPM225449_TranDinhNgon_Pattern13_Chain of Responsibility\DPM225449_TranDinhNgon_Pattern13_Chain of Responsibility.csproj", "{94C3D947-FD74-4C3C-9EBF-F09CE9ED9585}"
EndProject
Project("{FAE04EC0-301F-11D3-BF4B-00C04F79EFBC}") = "DPM225449_TranDinhNgon_Real13_Chain of Responsibility", "DPM225449_TranDinhNgon_Real13_Chain of Responsibility\DPM225449_TranDinhNgon_Real13_Chain of Responsibility.csproj", "{516E9265-6F74-47E9-B080-DE9B80C9D002}"
EndProject
Project("{FAE04EC0-301F-11D3-BF4B-00C04F79EFBC}") = "DPM225449_TranDinhNgon_MyReal13_Chain of Responsibility", "DPM225449_TranDinhNgon_MyReal13_Chain of Responsibility\DPM225449_TranDinhNgon_MyReal13_Chain of Responsibility.csproj", "{84637C79-8859-477E-AEA9-959EA56F56A6}"
EndProject
Project("{2150E333-8FDC-42A3-9474-1A3956D46DE8}") = "Command", "Command", "{5B607919-4080-44C5-97A1-3090435A5C01}"
EndProject
Project("{FAE04EC0-301F-11D3-BF4B-00C04F79EFBC}") = "DPM225449_TranDinhNgon_Pattern14_Command", "DPM225449_TranDinhNgon_Pattern14_Command\DPM225449_TranDinhNgon_Pattern14_Command.csproj", "{395C8886-9D2D-44DE-8E2A-82A91CBE8901}"
EndProject
Project("{FAE04EC0-301F-11D3-BF4B-00C04F79EFBC}") = "DPM225449_TranDinhNgon_Real14_Command", "DPM225449_TranDinhNgon_Real14_Command\DPM225449_TranDinhNgon_Real14_Command.csproj", "{EEDF669A-90F8-4F70-ABB4-32080686021F}"
EndProject
Project("{FAE04EC0-301F-11D3-BF4B-00C04F79EFBC}") = "DPM225449_TranDinhNgon_MyReal14_Command", "DPM225449_TranDinhNgon_MyReal14_Command\DPM225449_TranDinhNgon_MyReal14_Command.csproj", "{429C70BA-E873-4DF2-B29E-6C114F1AD9C3}"
EndProject
Project("{2150E333-8FDC-42A3-9474-1A3956D46DE8}") = "Interpreter", "Interpreter", "{7ED006FB-26E0-4A5B-B1DD-A5B2C76BA149}"
EndProject
Project("{FAE04EC0-301F-11D3-BF4B-00C04F79EFBC}") = "DPM225449_TranDinhNgon_Pattern15_Interpreter", "DPM225449_TranDinhNgon_Pattern15_Interpreter\DPM225449_TranDinhNgon_Pattern15_Interpreter.csproj", "{944155CC-7794-4850-95CB-5F184E257C6F}"
EndProject
Project("{FAE04EC0-301F-11D3-BF4B-00C04F79EFBC}") = "DPM225449_TranDinhNgon_Real15_Interpreter", "DPM225449_TranDinhNgon_Real15_Interpreter\DPM225449_TranDinhNgon_Real15_Interpreter.csproj", "{FF4C43BB-82AE-46F7-BCE7-E0B984BAD4A9}"
EndProject
Project("{FAE04EC0-301F-11D3-BF4B-00C04F79EFBC}") = "DPM225449_TranDinhNgon_MyReal15_Interpreter", "DPM225449_TranDinhNgon_MyReal15_Interpreter\DPM225449_TranDinhNgon_MyReal15_Interpreter.csproj", "{58467010-FA25-4740-90F1-696054022D15}"
EndProject
Project("{2150E333-8FDC-42A3-9474-1A3956D46DE8}") = "Iterator", "Iterator", "{40B19C30-A9CC-49DC-8269-BBE302EE7C67}"
EndProject
Project("{FAE04EC0-301F-11D3-BF4B-00C04F79EFBC}") = "DPM225449_TranDinhNgon_Pattern16_Iterator", "DPM225449_TranDinhNgon_Pattern16_Iterator\DPM225449_TranDinhNgon_Pattern16_Iterator.csproj", "{1FEE729A-3E77-4B31-BA41-68FD481EBD3C}"
EndProject
Project("{FAE04EC0-301F-11D3-BF4B-00C04F79EFBC}") = "DPM225449_TranDinhNgon_Real16_Iterator", "DPM225449_TranDinhNgon_Real16_Iterator\DPM225449_TranDinhNgon_Real16_Iterator.csproj", "{D88F1DB1-A7DF-4FE8-8262-6172809D5AB9}"
EndProject
Project("{FAE04EC0-301F-11D3-BF4B-00C04F79EFBC}") = "DPM225449_TranDinhNgon_MyReal16_Iterator", "DPM225449_TranDinhNgon_MyReal16_Iterator\DPM225449_TranDinhNgon_MyReal16_Iterator.csproj", "{18BA6BDC-77EE-4820-A7FD-91B33B4D7B16}"
EndProject
Project("{2150E333-8FDC-42A3-9474-1A3956D46DE8}") = "Mediator", "Mediator", "{5BF5F2D0-E407-48D7-AEC6-C736B8E77D18}"
EndProject
Project("{FAE04EC0-301F-11D3-BF4B-00C04F79EFBC}") = "DPM225449_TranDinhNgon_Pattern17_Mediator", "DPM225449_TranDinhNgon_Pattern17_Mediator\DPM225449_TranDinhNgon_Pattern17_Mediator.csproj", "{DED605E1-7251-4BC3-8850-63915F1F5257}"
EndProject
Project("{FAE04EC0-301F-11D3-BF4B-00C04F79EFBC}") = "DPM225449_TranDinhNgon_Real17_Mediator", "DPM225449_TranDinhNgon_Real17_Mediator\DPM225449_TranDinhNgon_Real17_Mediator.csproj", "{40766967-8C0A-455C-97DF-DB713E805686}"
EndProject
Project("{FAE04EC0-301F-11D3-BF4B-00C04F79EFBC}") = "DPM225449_TranDinhNgon_MyReal17_Mediator", "DPM225449_TranDinhNgon_MyReal17_Mediator\DPM225449_TranDinhNgon_MyReal17_Mediator.csproj", "{F774A454-BB15-4887-8E0D-F5274DAF1EBB}"
EndProject
Project("{2150E333-8FDC-42A3-9474-1A3956D46DE8}") = "Memento", "Memento", "{6FBC6FF5-D661-4212-9194-599E0B61AF44}"
EndProject
Project("{FAE04EC0-301F-11D3-BF4B-00C04F79EFBC}") = "DPM225449_TranDinhNgon_Pattern18_Memento", "DPM225449_TranDinhNgon_Pattern18_Memento\DPM225449_TranDinhNgon_Pattern18_Memento.csproj", "{0BB6C090-A8B5-4168-BAEA-3B9D85849605}"
EndProject
Project("{FAE04EC0-301F-11D3-BF4B-00C04F79EFBC}") = "DPM225449_TranDinhNgon_Real18_Memento", "DPM225449_TranDinhNgon_Real18_Memento\DPM225449_TranDinhNgon_Real18_Memento.csproj", "{78C82B9F-275D-41EE-8A8A-935FDC976BAB}"
EndProject
Project("{FAE04EC0-301F-11D3-BF4B-00C04F79EFBC}") = "DPM225449_TranDinhNgon_MyReal18_Memento", "DPM225449_TranDinhNgon_MyReal18_Memento\DPM225449_TranDinhNgon_MyReal18_Memento.csproj", "{C175B20F-AD51-47DC-9378-810D82B07766}"
EndProject
Project("{2150E333-8FDC-42A3-9474-1A3956D46DE8}") = "Observer", "Observer", "{8D56F880-6759-4523-B20E-46B4F53605F6}"
EndProject
Project("{FAE04EC0-301F-11D3-BF4B-00C04F79EFBC}") = "DPM225449_TranDinhNgon_Pattern19_Observer", "DPM225449_TranDinhNgon_Pattern19_Observer\DPM225449_TranDinhNgon_Pattern19_Observer.csproj", "{8F81E701-221A-40B6-892D-D63822E62164}"
EndProject
Project("{FAE04EC0-301F-11D3-BF4B-00C04F79EFBC}") = "DPM225449_TranDinhNgon_Real19_Observer", "DPM225449_TranDinhNgon_Real19_Observer\DPM225449_TranDinhNgon_Real19_Observer.csproj", "{44F16C06-3D79-4D97-85BA-0EC7AE88C83A}"
EndProject
Project("{FAE04EC0-301F-11D3-BF4B-00C04F79EFBC}") = "DPM225449_TranDinhNgon_MyReal19_Observer", "DPM225449_TranDinhNgon_MyReal19_Observer\DPM225449_TranDinhNgon_MyReal19_Observer.csproj", "{BFB7FB54-DA1B-4DFE-8AB6-35C4EACA1091}"
EndProject
Project("{2150E333-8FDC-42A3-9474-1A3956D46DE8}") = "State", "State", "{BB6C44CF-1000-4433-BEE2-A0FA465BB838}"
EndProject
Project("{FAE04EC0-301F-11D3-BF4B-00C04F79EFBC}") = "DPM225449_TranDinhNgon_Pattern20_State", "DPM225449_TranDinhNgon_Pattern20_State\DPM225449_TranDinhNgon_Pattern20_State.csproj", "{80462D26-8DAA-4D1B-8F58-1921CCD8AA61}"
EndProject
Project("{FAE04EC0-301F-11D3-BF4B-00C04F79EFBC}") = "DPM225449_TranDinhNgon_Real20_State", "DPM225449_TranDinhNgon_Real20_State\DPM225449_TranDinhNgon_Real20_State.csproj", "{06ED9805-20E8-42C2-A6B8-51743C64804A}"
EndProject
Project("{FAE04EC0-301F-11D3-BF4B-00C04F79EFBC}") = "DPM225449_TranDinhNgon_MyReal20_State", "DPM225449_TranDinhNgon_MyReal20_State\DPM225449_TranDinhNgon_MyReal20_State.csproj", "{3C220489-8D03-4A10-BFA1-E62A83C5C660}"
EndProject
Project("{2150E333-8FDC-42A3-9474-1A3956D46DE8}") = "Strategy", "Strategy", "{59451A2D-3843-4B71-9E74-DCD9DE574C78}"
EndProject
Project("{FAE04EC0-301F-11D3-BF4B-00C04F79EFBC}") = "DPM225449_TranDinhNgon_Pattern21_Strategy", "DPM225449_TranDinhNgon_Pattern21_Strategy\DPM225449_TranDinhNgon_Pattern21_Strategy.csproj", "{649601AA-F63F-4598-B744-9C328C094630}"
EndProject
Project("{FAE04EC0-301F-11D3-BF4B-00C04F79EFBC}") = "DPM225449_TranDinhNgon_Real21_Strategy", "DPM225449_TranDinhNgon_Real21_Strategy\DPM225449_TranDinhNgon_Real21_Strategy.csproj", "{A0A6C266-F00F-4C87-B244-7B641A55E723}"
EndProject
Project("{FAE04EC0-301F-11D3-BF4B-00C04F79EFBC}") = "DPM225449_TranDinhNgon_MyReal21_Strategy", "DPM225449_TranDinhNgon_MyReal21_Strategy\DPM225449_TranDinhNgon_MyReal21_Strategy.csproj", "{9063C605-1925-4D74-A2DD-F65416836FFC}"
EndProject
Project("{2150E333-8FDC-42A3-9474-1A3956D46DE8}") = "Template Method", "Template Method", "{F08A2406-C25A-441B-B0F8-B1427D3A76D0}"
EndProject
Project("{FAE04EC0-301F-11D3-BF4B-00C04F79EFBC}") = "DPM225449_TranDinhNgon_Pattern22_TemplateMethod", "DPM225449_TranDinhNgon_Pattern22_TemplateMethod\DPM225449_TranDinhNgon_Pattern22_TemplateMethod.csproj", "{58F21AB4-731A-4665-BDD2-1F5D6150BE1F}"
EndProject
Project("{FAE04EC0-301F-11D3-BF4B-00C04F79EFBC}") = "DPM225449_TranDinhNgon_Real22_TemplateMethod", "DPM225449_TranDinhNgon_Real22_TemplateMethod\DPM225449_TranDinhNgon_Real22_TemplateMethod.csproj", "{FBD760BB-31EB-428F-9129-823607A3656A}"
EndProject
Project("{FAE04EC0-301F-11D3-BF4B-00C04F79EFBC}") = "DPM225449_TranDinhNgon_MyReal22_TemplateMethod", "DPM225449_TranDinhNgon_MyReal22_TemplateMethod\DPM225449_TranDinhNgon_MyReal22_TemplateMethod.csproj", "{3ECCE4AD-C59C-433A-94E9-51BF213B6AE0}"
EndProject
Global
	GlobalSection(SolutionConfigurationPlatforms) = preSolution
		Debug|Any CPU = Debug|Any CPU
		Release|Any CPU = Release|Any CPU
	EndGlobalSection
	GlobalSection(ProjectConfigurationPlatforms) = postSolution
		{F0C066F4-2521-4E1B-8FDD-3B4B00D4F4B0}.Debug|Any CPU.ActiveCfg = Debug|Any CPU
		{F0C066F4-2521-4E1B-8FDD-3B4B00D4F4B0}.Debug|Any CPU.Build.0 = Debug|Any CPU
		{F0C066F4-2521-4E1B-8FDD-3B4B00D4F4B0}.Release|Any CPU.ActiveCfg = Release|Any CPU
		{F0C066F4-2521-4E1B-8FDD-3B4B00D4F4B0}.Release|Any CPU.Build.0 = Release|Any CPU
		{E307667B-3D0A-4B79-82EC-53487B4A0DC4}.Debug|Any CPU.ActiveCfg = Debug|Any CPU
		{E307667B-3D0A-4B79-82EC-53487B4A0DC4}.Debug|Any CPU.Build.0 = Debug|Any CPU
		{E307667B-3D0A-4B79-82EC-53487B4A0DC4}.Release|Any CPU.ActiveCfg = Release|Any CPU
		{E307667B-3D0A-4B79-82EC-53487B4A0DC4}.Release|Any CPU.Build.0 = Release|Any CPU
		{68BFC9B0-6523-424C-8F19-D80EA6A55174}.Debug|Any CPU.ActiveCfg = Debug|Any CPU
		{68BFC9B0-6523-424C-8F19-D80EA6A55174}.Debug|Any CPU.Build.0 = Debug|Any CPU
		{68BFC9B0-6523-424C-8F19-D80EA6A55174}.Release|Any CPU.ActiveCfg = Release|Any CPU
		{68BFC9B0-6523-424C-8F19-D80EA6A55174}.Release|Any CPU.Build.0 = Release|Any CPU
		{EC2517C6-C1C6-462C-A273-5462E41584B3}.Debug|Any CPU.ActiveCfg = Debug|Any CPU
		{EC2517C6-C1C6-462C-A273-5462E41584B3}.Debug|Any CPU.Build.0 = Debug|Any CPU
		{EC2517C6-C1C6-462C-A273-5462E41584B3}.Release|Any CPU.ActiveCfg = Release|Any CPU
		{EC2517C6-C1C6-462C-A273-5462E41584B3}.Release|Any CPU.Build.0 = Release|Any CPU
		{B3457B4A-22DB-4C69-BC12-CFAF3F696F87}.Debug|Any CPU.ActiveCfg = Debug|Any CPU
		{B3457B4A-22DB-4C69-BC12-CFAF3F696F87}.Debug|Any CPU.Build.0 = Debug|Any CPU
		{B3457B4A-22DB-4C69-BC12-CFAF3F696F87}.Release|Any CPU.ActiveCfg = Release|Any CPU
		{B3457B4A-22DB-4C69-BC12-CFAF3F696F87}.Release|Any CPU.Build.0 = Release|Any CPU
		{D5EABEAE-83DF-41A5-B88C-205609BCC9CA}.Debug|Any CPU.ActiveCfg = Debug|Any CPU
		{D5EABEAE-83DF-41A5-B88C-205609BCC9CA}.Debug|Any CPU.Build.0 = Debug|Any CPU
		{D5EABEAE-83DF-41A5-B88C-205609BCC9CA}.Release|Any CPU.ActiveCfg = Release|Any CPU
		{D5EABEAE-83DF-41A5-B88C-205609BCC9CA}.Release|Any CPU.Build.0 = Release|Any CPU
		{EB3BBD48-93E8-4941-9395-83FF48160FC4}.Debug|Any CPU.ActiveCfg = Debug|Any CPU
		{EB3BBD48-93E8-4941-9395-83FF48160FC4}.Debug|Any CPU.Build.0 = Debug|Any CPU
		{EB3BBD48-93E8-4941-9395-83FF48160FC4}.Release|Any CPU.ActiveCfg = Release|Any CPU
		{EB3BBD48-93E8-4941-9395-83FF48160FC4}.Release|Any CPU.Build.0 = Release|Any CPU
		{0698057C-114B-4E41-866B-A401BF92AA57}.Debug|Any CPU.ActiveCfg = Debug|Any CPU
		{0698057C-114B-4E41-866B-A401BF92AA57}.Debug|Any CPU.Build.0 = Debug|Any CPU
		{0698057C-114B-4E41-866B-A401BF92AA57}.Release|Any CPU.ActiveCfg = Release|Any CPU
		{0698057C-114B-4E41-866B-A401BF92AA57}.Release|Any CPU.Build.0 = Release|Any CPU
		{009E53BF-756A-499E-9472-09772C8AF97F}.Debug|Any CPU.ActiveCfg = Debug|Any CPU
		{009E53BF-756A-499E-9472-09772C8AF97F}.Debug|Any CPU.Build.0 = Debug|Any CPU
		{009E53BF-756A-499E-9472-09772C8AF97F}.Release|Any CPU.ActiveCfg = Release|Any CPU
		{009E53BF-756A-499E-9472-09772C8AF97F}.Release|Any CPU.Build.0 = Release|Any CPU
		{E30264FE-CAEF-49B7-A995-0EE23D0C930A}.Debug|Any CPU.ActiveCfg = Debug|Any CPU
		{E30264FE-CAEF-49B7-A995-0EE23D0C930A}.Debug|Any CPU.Build.0 = Debug|Any CPU
		{E30264FE-CAEF-49B7-A995-0EE23D0C930A}.Release|Any CPU.ActiveCfg = Release|Any CPU
		{E30264FE-CAEF-49B7-A995-0EE23D0C930A}.Release|Any CPU.Build.0 = Release|Any CPU
		{379D654B-F1B0-4C4D-9A0F-1AA11BE1968D}.Debug|Any CPU.ActiveCfg = Debug|Any CPU
		{379D654B-F1B0-4C4D-9A0F-1AA11BE1968D}.Debug|Any CPU.Build.0 = Debug|Any CPU
		{379D654B-F1B0-4C4D-9A0F-1AA11BE1968D}.Release|Any CPU.ActiveCfg = Release|Any CPU
		{379D654B-F1B0-4C4D-9A0F-1AA11BE1968D}.Release|Any CPU.Build.0 = Release|Any CPU
		{9E8249ED-AB4E-455B-B2D7-D109938BA46D}.Debug|Any CPU.ActiveCfg = Debug|Any CPU
		{9E8249ED-AB4E-455B-B2D7-D109938BA46D}.Debug|Any CPU.Build.0 = Debug|Any CPU
		{9E8249ED-AB4E-455B-B2D7-D109938BA46D}.Release|Any CPU.ActiveCfg = Release|Any CPU
		{9E8249ED-AB4E-455B-B2D7-D109938BA46D}.Release|Any CPU.Build.0 = Release|Any CPU
		{FF70F29A-6384-4977-A75B-D8B9A8F44C41}.Debug|Any CPU.ActiveCfg = Debug|Any CPU
		{FF70F29A-6384-4977-A75B-D8B9A8F44C41}.Debug|Any CPU.Build.0 = Debug|Any CPU
		{FF70F29A-6384-4977-A75B-D8B9A8F44C41}.Release|Any CPU.ActiveCfg = Release|Any CPU
		{FF70F29A-6384-4977-A75B-D8B9A8F44C41}.Release|Any CPU.Build.0 = Release|Any CPU
		{5F52F9BD-858F-401E-B634-2B3EA496BE30}.Debug|Any CPU.ActiveCfg = Debug|Any CPU
		{5F52F9BD-858F-401E-B634-2B3EA496BE30}.Debug|Any CPU.Build.0 = Debug|Any CPU
		{5F52F9BD-858F-401E-B634-2B3EA496BE30}.Release|Any CPU.ActiveCfg = Release|Any CPU
		{5F52F9BD-858F-401E-B634-2B3EA496BE30}.Release|Any CPU.Build.0 = Release|Any CPU
		{51D1BB68-F5C2-4B91-A089-9621B5CA1E71}.Debug|Any CPU.ActiveCfg = Debug|Any CPU
		{51D1BB68-F5C2-4B91-A089-9621B5CA1E71}.Debug|Any CPU.Build.0 = Debug|Any CPU
		{51D1BB68-F5C2-4B91-A089-9621B5CA1E71}.Release|Any CPU.ActiveCfg = Release|Any CPU
		{51D1BB68-F5C2-4B91-A089-9621B5CA1E71}.Release|Any CPU.Build.0 = Release|Any CPU
		{32B282E3-CEFD-4718-8F57-14D7E91B7F89}.Debug|Any CPU.ActiveCfg = Debug|Any CPU
		{32B282E3-CEFD-4718-8F57-14D7E91B7F89}.Debug|Any CPU.Build.0 = Debug|Any CPU
		{32B282E3-CEFD-4718-8F57-14D7E91B7F89}.Release|Any CPU.ActiveCfg = Release|Any CPU
		{32B282E3-CEFD-4718-8F57-14D7E91B7F89}.Release|Any CPU.Build.0 = Release|Any CPU
		{A8E18B25-439C-43A4-89BF-53C57BAD7991}.Debug|Any CPU.ActiveCfg = Debug|Any CPU
		{A8E18B25-439C-43A4-89BF-53C57BAD7991}.Debug|Any CPU.Build.0 = Debug|Any CPU
		{A8E18B25-439C-43A4-89BF-53C57BAD7991}.Release|Any CPU.ActiveCfg = Release|Any CPU
		{A8E18B25-439C-43A4-89BF-53C57BAD7991}.Release|Any CPU.Build.0 = Release|Any CPU
		{A90CF889-A721-460C-81BB-152B480F54C5}.Debug|Any CPU.ActiveCfg = Debug|Any CPU
		{A90CF889-A721-460C-81BB-152B480F54C5}.Debug|Any CPU.Build.0 = Debug|Any CPU
		{A90CF889-A721-460C-81BB-152B480F54C5}.Release|Any CPU.ActiveCfg = Release|Any CPU
		{A90CF889-A721-460C-81BB-152B480F54C5}.Release|Any CPU.Build.0 = Release|Any CPU
		{1699375E-8B1C-4767-9DA4-FCE4BC264290}.Debug|Any CPU.ActiveCfg = Debug|Any CPU
		{1699375E-8B1C-4767-9DA4-FCE4BC264290}.Debug|Any CPU.Build.0 = Debug|Any CPU
		{1699375E-8B1C-4767-9DA4-FCE4BC264290}.Release|Any CPU.ActiveCfg = Release|Any CPU
		{1699375E-8B1C-4767-9DA4-FCE4BC264290}.Release|Any CPU.Build.0 = Release|Any CPU
		{B4C0CE5C-48CA-435D-958E-5702D11DB4EB}.Debug|Any CPU.ActiveCfg = Debug|Any CPU
		{B4C0CE5C-48CA-435D-958E-5702D11DB4EB}.Debug|Any CPU.Build.0 = Debug|Any CPU
		{B4C0CE5C-48CA-435D-958E-5702D11DB4EB}.Release|Any CPU.ActiveCfg = Release|Any CPU
		{B4C0CE5C-48CA-435D-958E-5702D11DB4EB}.Release|Any CPU.Build.0 = Release|Any CPU
		{96FDAD58-839C-4243-864D-3C750B672E10}.Debug|Any CPU.ActiveCfg = Debug|Any CPU
		{96FDAD58-839C-4243-864D-3C750B672E10}.Debug|Any CPU.Build.0 = Debug|Any CPU
		{96FDAD58-839C-4243-864D-3C750B672E10}.Release|Any CPU.ActiveCfg = Release|Any CPU
		{96FDAD58-839C-4243-864D-3C750B672E10}.Release|Any CPU.Build.0 = Release|Any CPU
		{0D767634-56BE-42B3-A397-7B56BBECD4B9}.Debug|Any CPU.ActiveCfg = Debug|Any CPU
		{0D767634-56BE-42B3-A397-7B56BBECD4B9}.Debug|Any CPU.Build.0 = Debug|Any CPU
		{0D767634-56BE-42B3-A397-7B56BBECD4B9}.Release|Any CPU.ActiveCfg = Release|Any CPU
		{0D767634-56BE-42B3-A397-7B56BBECD4B9}.Release|Any CPU.Build.0 = Release|Any CPU
		{867D1A88-DFB7-449B-BDF7-12B503C1B947}.Debug|Any CPU.ActiveCfg = Debug|Any CPU
		{867D1A88-DFB7-449B-BDF7-12B503C1B947}.Debug|Any CPU.Build.0 = Debug|Any CPU
		{867D1A88-DFB7-449B-BDF7-12B503C1B947}.Release|Any CPU.ActiveCfg = Release|Any CPU
		{867D1A88-DFB7-449B-BDF7-12B503C1B947}.Release|Any CPU.Build.0 = Release|Any CPU
		{AA174D46-93C2-4034-943C-19FC66B320FA}.Debug|Any CPU.ActiveCfg = Debug|Any CPU
		{AA174D46-93C2-4034-943C-19FC66B320FA}.Debug|Any CPU.Build.0 = Debug|Any CPU
		{AA174D46-93C2-4034-943C-19FC66B320FA}.Release|Any CPU.ActiveCfg = Release|Any CPU
		{AA174D46-93C2-4034-943C-19FC66B320FA}.Release|Any CPU.Build.0 = Release|Any CPU
		{D1B605FA-51F8-471B-B42F-DA20B0966F7C}.Debug|Any CPU.ActiveCfg = Debug|Any CPU
		{D1B605FA-51F8-471B-B42F-DA20B0966F7C}.Debug|Any CPU.Build.0 = Debug|Any CPU
		{D1B605FA-51F8-471B-B42F-DA20B0966F7C}.Release|Any CPU.ActiveCfg = Release|Any CPU
		{D1B605FA-51F8-471B-B42F-DA20B0966F7C}.Release|Any CPU.Build.0 = Release|Any CPU
		{3CFF40F5-700C-4112-9F67-9AD97CDCB3FC}.Debug|Any CPU.ActiveCfg = Debug|Any CPU
		{3CFF40F5-700C-4112-9F67-9AD97CDCB3FC}.Debug|Any CPU.Build.0 = Debug|Any CPU
		{3CFF40F5-700C-4112-9F67-9AD97CDCB3FC}.Release|Any CPU.ActiveCfg = Release|Any CPU
		{3CFF40F5-700C-4112-9F67-9AD97CDCB3FC}.Release|Any CPU.Build.0 = Release|Any CPU
		{DD108DDC-B152-422F-A640-893FD771BA67}.Debug|Any CPU.ActiveCfg = Debug|Any CPU
		{DD108DDC-B152-422F-A640-893FD771BA67}.Debug|Any CPU.Build.0 = Debug|Any CPU
		{DD108DDC-B152-422F-A640-893FD771BA67}.Release|Any CPU.ActiveCfg = Release|Any CPU
		{DD108DDC-B152-422F-A640-893FD771BA67}.Release|Any CPU.Build.0 = Release|Any CPU
		{3EC593DE-E3C2-434D-A7D8-F80BE3D01F9E}.Debug|Any CPU.ActiveCfg = Debug|Any CPU
		{3EC593DE-E3C2-434D-A7D8-F80BE3D01F9E}.Debug|Any CPU.Build.0 = Debug|Any CPU
		{3EC593DE-E3C2-434D-A7D8-F80BE3D01F9E}.Release|Any CPU.ActiveCfg = Release|Any CPU
		{3EC593DE-E3C2-434D-A7D8-F80BE3D01F9E}.Release|Any CPU.Build.0 = Release|Any CPU
		{E1FFBA59-B142-421E-ACDD-1DDAE8AC7C68}.Debug|Any CPU.ActiveCfg = Debug|Any CPU
		{E1FFBA59-B142-421E-ACDD-1DDAE8AC7C68}.Debug|Any CPU.Build.0 = Debug|Any CPU
		{E1FFBA59-B142-421E-ACDD-1DDAE8AC7C68}.Release|Any CPU.ActiveCfg = Release|Any CPU
		{E1FFBA59-B142-421E-ACDD-1DDAE8AC7C68}.Release|Any CPU.Build.0 = Release|Any CPU
		{E4965936-DD6D-4A21-BDAB-5FDE9FD096AE}.Debug|Any CPU.ActiveCfg = Debug|Any CPU
		{E4965936-DD6D-4A21-BDAB-5FDE9FD096AE}.Debug|Any CPU.Build.0 = Debug|Any CPU
		{E4965936-DD6D-4A21-BDAB-5FDE9FD096AE}.Release|Any CPU.ActiveCfg = Release|Any CPU
		{E4965936-DD6D-4A21-BDAB-5FDE9FD096AE}.Release|Any CPU.Build.0 = Release|Any CPU
		{9C595624-FF75-44E0-90E2-570D5DE0B6E0}.Debug|Any CPU.ActiveCfg = Debug|Any CPU
		{9C595624-FF75-44E0-90E2-570D5DE0B6E0}.Debug|Any CPU.Build.0 = Debug|Any CPU
		{9C595624-FF75-44E0-90E2-570D5DE0B6E0}.Release|Any CPU.ActiveCfg = Release|Any CPU
		{9C595624-FF75-44E0-90E2-570D5DE0B6E0}.Release|Any CPU.Build.0 = Release|Any CPU
		{D3EFA97E-1FAB-422E-B485-AAFEC902134C}.Debug|Any CPU.ActiveCfg = Debug|Any CPU
		{D3EFA97E-1FAB-422E-B485-AAFEC902134C}.Debug|Any CPU.Build.0 = Debug|Any CPU
		{D3EFA97E-1FAB-422E-B485-AAFEC902134C}.Release|Any CPU.ActiveCfg = Release|Any CPU
		{D3EFA97E-1FAB-422E-B485-AAFEC902134C}.Release|Any CPU.Build.0 = Release|Any CPU
		{90A6E58F-CE9B-47CB-962F-4C49A3D9D3D2}.Debug|Any CPU.ActiveCfg = Debug|Any CPU
		{90A6E58F-CE9B-47CB-962F-4C49A3D9D3D2}.Debug|Any CPU.Build.0 = Debug|Any CPU
		{90A6E58F-CE9B-47CB-962F-4C49A3D9D3D2}.Release|Any CPU.ActiveCfg = Release|Any CPU
		{90A6E58F-CE9B-47CB-962F-4C49A3D9D3D2}.Release|Any CPU.Build.0 = Release|Any CPU
		{5DE95332-DDAE-4F05-AA40-B68A319C01E6}.Debug|Any CPU.ActiveCfg = Debug|Any CPU
		{5DE95332-DDAE-4F05-AA40-B68A319C01E6}.Debug|Any CPU.Build.0 = Debug|Any CPU
		{5DE95332-DDAE-4F05-AA40-B68A319C01E6}.Release|Any CPU.ActiveCfg = Release|Any CPU
		{5DE95332-DDAE-4F05-AA40-B68A319C01E6}.Release|Any CPU.Build.0 = Release|Any CPU
		{459CBCE2-0ACE-4A37-9F07-2332228BADBC}.Debug|Any CPU.ActiveCfg = Debug|Any CPU
		{459CBCE2-0ACE-4A37-9F07-2332228BADBC}.Debug|Any CPU.Build.0 = Debug|Any CPU
		{459CBCE2-0ACE-4A37-9F07-2332228BADBC}.Release|Any CPU.ActiveCfg = Release|Any CPU
		{459CBCE2-0ACE-4A37-9F07-2332228BADBC}.Release|Any CPU.Build.0 = Release|Any CPU
		{2B7D53D7-FC30-4C27-BF7E-EC470E575D90}.Debug|Any CPU.ActiveCfg = Debug|Any CPU
		{2B7D53D7-FC30-4C27-BF7E-EC470E575D90}.Debug|Any CPU.Build.0 = Debug|Any CPU
		{2B7D53D7-FC30-4C27-BF7E-EC470E575D90}.Release|Any CPU.ActiveCfg = Release|Any CPU
		{2B7D53D7-FC30-4C27-BF7E-EC470E575D90}.Release|Any CPU.Build.0 = Release|Any CPU
		{94C3D947-FD74-4C3C-9EBF-F09CE9ED9585}.Debug|Any CPU.ActiveCfg = Debug|Any CPU
		{94C3D947-FD74-4C3C-9EBF-F09CE9ED9585}.Debug|Any CPU.Build.0 = Debug|Any CPU
		{94C3D947-FD74-4C3C-9EBF-F09CE9ED9585}.Release|Any CPU.ActiveCfg = Release|Any CPU
		{94C3D947-FD74-4C3C-9EBF-F09CE9ED9585}.Release|Any CPU.Build.0 = Release|Any CPU
		{516E9265-6F74-47E9-B080-DE9B80C9D002}.Debug|Any CPU.ActiveCfg = Debug|Any CPU
		{516E9265-6F74-47E9-B080-DE9B80C9D002}.Debug|Any CPU.Build.0 = Debug|Any CPU
		{516E9265-6F74-47E9-B080-DE9B80C9D002}.Release|Any CPU.ActiveCfg = Release|Any CPU
		{516E9265-6F74-47E9-B080-DE9B80C9D002}.Release|Any CPU.Build.0 = Release|Any CPU
		{84637C79-8859-477E-AEA9-959EA56F56A6}.Debug|Any CPU.ActiveCfg = Debug|Any CPU
		{84637C79-8859-477E-AEA9-959EA56F56A6}.Debug|Any CPU.Build.0 = Debug|Any CPU
		{84637C79-8859-477E-AEA9-959EA56F56A6}.Release|Any CPU.ActiveCfg = Release|Any CPU
		{84637C79-8859-477E-AEA9-959EA56F56A6}.Release|Any CPU.Build.0 = Release|Any CPU
		{395C8886-9D2D-44DE-8E2A-82A91CBE8901}.Debug|Any CPU.ActiveCfg = Debug|Any CPU
		{395C8886-9D2D-44DE-8E2A-82A91CBE8901}.Debug|Any CPU.Build.0 = Debug|Any CPU
		{395C8886-9D2D-44DE-8E2A-82A91CBE8901}.Release|Any CPU.ActiveCfg = Release|Any CPU
		{395C8886-9D2D-44DE-8E2A-82A91CBE8901}.Release|Any CPU.Build.0 = Release|Any CPU
		{EEDF669A-90F8-4F70-ABB4-32080686021F}.Debug|Any CPU.ActiveCfg = Debug|Any CPU
		{EEDF669A-90F8-4F70-ABB4-32080686021F}.Debug|Any CPU.Build.0 = Debug|Any CPU
		{EEDF669A-90F8-4F70-ABB4-32080686021F}.Release|Any CPU.ActiveCfg = Release|Any CPU
		{EEDF669A-90F8-4F70-ABB4-32080686021F}.Release|Any CPU.Build.0 = Release|Any CPU
		{429C70BA-E873-4DF2-B29E-6C114F1AD9C3}.Debug|Any CPU.ActiveCfg = Debug|Any CPU
		{429C70BA-E873-4DF2-B29E-6C114F1AD9C3}.Debug|Any CPU.Build.0 = Debug|Any CPU
		{429C70BA-E873-4DF2-B29E-6C114F1AD9C3}.Release|Any CPU.ActiveCfg = Release|Any CPU
		{429C70BA-E873-4DF2-B29E-6C114F1AD9C3}.Release|Any CPU.Build.0 = Release|Any CPU
		{944155CC-7794-4850-95CB-5F184E257C6F}.Debug|Any CPU.ActiveCfg = Debug|Any CPU
		{944155CC-7794-4850-95CB-5F184E257C6F}.Debug|Any CPU.Build.0 = Debug|Any CPU
		{944155CC-7794-4850-95CB-5F184E257C6F}.Release|Any CPU.ActiveCfg = Release|Any CPU
		{944155CC-7794-4850-95CB-5F184E257C6F}.Release|Any CPU.Build.0 = Release|Any CPU
		{FF4C43BB-82AE-46F7-BCE7-E0B984BAD4A9}.Debug|Any CPU.ActiveCfg = Debug|Any CPU
		{FF4C43BB-82AE-46F7-BCE7-E0B984BAD4A9}.Debug|Any CPU.Build.0 = Debug|Any CPU
		{FF4C43BB-82AE-46F7-BCE7-E0B984BAD4A9}.Release|Any CPU.ActiveCfg = Release|Any CPU
		{FF4C43BB-82AE-46F7-BCE7-E0B984BAD4A9}.Release|Any CPU.Build.0 = Release|Any CPU
		{58467010-FA25-4740-90F1-696054022D15}.Debug|Any CPU.ActiveCfg = Debug|Any CPU
		{58467010-FA25-4740-90F1-696054022D15}.Debug|Any CPU.Build.0 = Debug|Any CPU
		{58467010-FA25-4740-90F1-696054022D15}.Release|Any CPU.ActiveCfg = Release|Any CPU
		{58467010-FA25-4740-90F1-696054022D15}.Release|Any CPU.Build.0 = Release|Any CPU
		{1FEE729A-3E77-4B31-BA41-68FD481EBD3C}.Debug|Any CPU.ActiveCfg = Debug|Any CPU
		{1FEE729A-3E77-4B31-BA41-68FD481EBD3C}.Debug|Any CPU.Build.0 = Debug|Any CPU
		{1FEE729A-3E77-4B31-BA41-68FD481EBD3C}.Release|Any CPU.ActiveCfg = Release|Any CPU
		{1FEE729A-3E77-4B31-BA41-68FD481EBD3C}.Release|Any CPU.Build.0 = Release|Any CPU
		{D88F1DB1-A7DF-4FE8-8262-6172809D5AB9}.Debug|Any CPU.ActiveCfg = Debug|Any CPU
		{D88F1DB1-A7DF-4FE8-8262-6172809D5AB9}.Debug|Any CPU.Build.0 = Debug|Any CPU
		{D88F1DB1-A7DF-4FE8-8262-6172809D5AB9}.Release|Any CPU.ActiveCfg = Release|Any CPU
		{D88F1DB1-A7DF-4FE8-8262-6172809D5AB9}.Release|Any CPU.Build.0 = Release|Any CPU
		{18BA6BDC-77EE-4820-A7FD-91B33B4D7B16}.Debug|Any CPU.ActiveCfg = Debug|Any CPU
		{18BA6BDC-77EE-4820-A7FD-91B33B4D7B16}.Debug|Any CPU.Build.0 = Debug|Any CPU
		{18BA6BDC-77EE-4820-A7FD-91B33B4D7B16}.Release|Any CPU.ActiveCfg = Release|Any CPU
		{18BA6BDC-77EE-4820-A7FD-91B33B4D7B16}.Release|Any CPU.Build.0 = Release|Any CPU
		{DED605E1-7251-4BC3-8850-63915F1F5257}.Debug|Any CPU.ActiveCfg = Debug|Any CPU
		{DED605E1-7251-4BC3-8850-63915F1F5257}.Debug|Any CPU.Build.0 = Debug|Any CPU
		{DED605E1-7251-4BC3-8850-63915F1F5257}.Release|Any CPU.ActiveCfg = Release|Any CPU
		{DED605E1-7251-4BC3-8850-63915F1F5257}.Release|Any CPU.Build.0 = Release|Any CPU
		{40766967-8C0A-455C-97DF-DB713E805686}.Debug|Any CPU.ActiveCfg = Debug|Any CPU
		{40766967-8C0A-455C-97DF-DB713E805686}.Debug|Any CPU.Build.0 = Debug|Any CPU
		{40766967-8C0A-455C-97DF-DB713E805686}.Release|Any CPU.ActiveCfg = Release|Any CPU
		{40766967-8C0A-455C-97DF-DB713E805686}.Release|Any CPU.Build.0 = Release|Any CPU
		{F774A454-BB15-4887-8E0D-F5274DAF1EBB}.Debug|Any CPU.ActiveCfg = Debug|Any CPU
		{F774A454-BB15-4887-8E0D-F5274DAF1EBB}.Debug|Any CPU.Build.0 = Debug|Any CPU
		{F774A454-BB15-4887-8E0D-F5274DAF1EBB}.Release|Any CPU.ActiveCfg = Release|Any CPU
		{F774A454-BB15-4887-8E0D-F5274DAF1EBB}.Release|Any CPU.Build.0 = Release|Any CPU
		{0BB6C090-A8B5-4168-BAEA-3B9D85849605}.Debug|Any CPU.ActiveCfg = Debug|Any CPU
		{0BB6C090-A8B5-4168-BAEA-3B9D85849605}.Debug|Any CPU.Build.0 = Debug|Any CPU
		{0BB6C090-A8B5-4168-BAEA-3B9D85849605}.Release|Any CPU.ActiveCfg = Release|Any CPU
		{0BB6C090-A8B5-4168-BAEA-3B9D85849605}.Release|Any CPU.Build.0 = Release|Any CPU
		{78C82B9F-275D-41EE-8A8A-935FDC976BAB}.Debug|Any CPU.ActiveCfg = Debug|Any CPU
		{78C82B9F-275D-41EE-8A8A-935FDC976BAB}.Debug|Any CPU.Build.0 = Debug|Any CPU
		{78C82B9F-275D-41EE-8A8A-935FDC976BAB}.Release|Any CPU.ActiveCfg = Release|Any CPU
		{78C82B9F-275D-41EE-8A8A-935FDC976BAB}.Release|Any CPU.Build.0 = Release|Any CPU
		{C175B20F-AD51-47DC-9378-810D82B07766}.Debug|Any CPU.ActiveCfg = Debug|Any CPU
		{C175B20F-AD51-47DC-9378-810D82B07766}.Debug|Any CPU.Build.0 = Debug|Any CPU
		{C175B20F-AD51-47DC-9378-810D82B07766}.Release|Any CPU.ActiveCfg = Release|Any CPU
		{C175B20F-AD51-47DC-9378-810D82B07766}.Release|Any CPU.Build.0 = Release|Any CPU
		{8F81E701-221A-40B6-892D-D63822E62164}.Debug|Any CPU.ActiveCfg = Debug|Any CPU
		{8F81E701-221A-40B6-892D-D63822E62164}.Debug|Any CPU.Build.0 = Debug|Any CPU
		{8F81E701-221A-40B6-892D-D63822E62164}.Release|Any CPU.ActiveCfg = Release|Any CPU
		{8F81E701-221A-40B6-892D-D63822E62164}.Release|Any CPU.Build.0 = Release|Any CPU
		{44F16C06-3D79-4D97-85BA-0EC7AE88C83A}.Debug|Any CPU.ActiveCfg = Debug|Any CPU
		{44F16C06-3D79-4D97-85BA-0EC7AE88C83A}.Debug|Any CPU.Build.0 = Debug|Any CPU
		{44F16C06-3D79-4D97-85BA-0EC7AE88C83A}.Release|Any CPU.ActiveCfg = Release|Any CPU
		{44F16C06-3D79-4D97-85BA-0EC7AE88C83A}.Release|Any CPU.Build.0 = Release|Any CPU
		{BFB7FB54-DA1B-4DFE-8AB6-35C4EACA1091}.Debug|Any CPU.ActiveCfg = Debug|Any CPU
		{BFB7FB54-DA1B-4DFE-8AB6-35C4EACA1091}.Debug|Any CPU.Build.0 = Debug|Any CPU
		{BFB7FB54-DA1B-4DFE-8AB6-35C4EACA1091}.Release|Any CPU.ActiveCfg = Release|Any CPU
		{BFB7FB54-DA1B-4DFE-8AB6-35C4EACA1091}.Release|Any CPU.Build.0 = Release|Any CPU
		{80462D26-8DAA-4D1B-8F58-1921CCD8AA61}.Debug|Any CPU.ActiveCfg = Debug|Any CPU
		{80462D26-8DAA-4D1B-8F58-1921CCD8AA61}.Debug|Any CPU.Build.0 = Debug|Any CPU
		{80462D26-8DAA-4D1B-8F58-1921CCD8AA61}.Release|Any CPU.ActiveCfg = Release|Any CPU
		{80462D26-8DAA-4D1B-8F58-1921CCD8AA61}.Release|Any CPU.Build.0 = Release|Any CPU
		{06ED9805-20E8-42C2-A6B8-51743C64804A}.Debug|Any CPU.ActiveCfg = Debug|Any CPU
		{06ED9805-20E8-42C2-A6B8-51743C64804A}.Debug|Any CPU.Build.0 = Debug|Any CPU
		{06ED9805-20E8-42C2-A6B8-51743C64804A}.Release|Any CPU.ActiveCfg = Release|Any CPU
		{06ED9805-20E8-42C2-A6B8-51743C64804A}.Release|Any CPU.Build.0 = Release|Any CPU
		{3C220489-8D03-4A10-BFA1-E62A83C5C660}.Debug|Any CPU.ActiveCfg = Debug|Any CPU
		{3C220489-8D03-4A10-BFA1-E62A83C5C660}.Debug|Any CPU.Build.0 = Debug|Any CPU
		{3C220489-8D03-4A10-BFA1-E62A83C5C660}.Release|Any CPU.ActiveCfg = Release|Any CPU
		{3C220489-8D03-4A10-BFA1-E62A83C5C660}.Release|Any CPU.Build.0 = Release|Any CPU
		{649601AA-F63F-4598-B744-9C328C094630}.Debug|Any CPU.ActiveCfg = Debug|Any CPU
		{649601AA-F63F-4598-B744-9C328C094630}.Debug|Any CPU.Build.0 = Debug|Any CPU
		{649601AA-F63F-4598-B744-9C328C094630}.Release|Any CPU.ActiveCfg = Release|Any CPU
		{649601AA-F63F-4598-B744-9C328C094630}.Release|Any CPU.Build.0 = Release|Any CPU
		{A0A6C266-F00F-4C87-B244-7B641A55E723}.Debug|Any CPU.ActiveCfg = Debug|Any CPU
		{A0A6C266-F00F-4C87-B244-7B641A55E723}.Debug|Any CPU.Build.0 = Debug|Any CPU
		{A0A6C266-F00F-4C87-B244-7B641A55E723}.Release|Any CPU.ActiveCfg = Release|Any CPU
		{A0A6C266-F00F-4C87-B244-7B641A55E723}.Release|Any CPU.Build.0 = Release|Any CPU
		{9063C605-1925-4D74-A2DD-F65416836FFC}.Debug|Any CPU.ActiveCfg = Debug|Any CPU
		{9063C605-1925-4D74-A2DD-F65416836FFC}.Debug|Any CPU.Build.0 = Debug|Any CPU
		{9063C605-1925-4D74-A2DD-F65416836FFC}.Release|Any CPU.ActiveCfg = Release|Any CPU
		{9063C605-1925-4D74-A2DD-F65416836FFC}.Release|Any CPU.Build.0 = Release|Any CPU
		{58F21AB4-731A-4665-BDD2-1F5D6150BE1F}.Debug|Any CPU.ActiveCfg = Debug|Any CPU
		{58F21AB4-731A-4665-BDD2-1F5D6150BE1F}.Debug|Any CPU.Build.0 = Debug|Any CPU
		{58F21AB4-731A-4665-BDD2-1F5D6150BE1F}.Release|Any CPU.ActiveCfg = Release|Any CPU
		{58F21AB4-731A-4665-BDD2-1F5D6150BE1F}.Release|Any CPU.Build.0 = Release|Any CPU
		{FBD760BB-31EB-428F-9129-823607A3656A}.Debug|Any CPU.ActiveCfg = Debug|Any CPU
		{FBD760BB-31EB-428F-9129-823607A3656A}.Debug|Any CPU.Build.0 = Debug|Any CPU
		{FBD760BB-31EB-428F-9129-823607A3656A}.Release|Any CPU.ActiveCfg = Release|Any CPU
		{FBD760BB-31EB-428F-9129-823607A3656A}.Release|Any CPU.Build.0 = Release|Any CPU
		{3ECCE4AD-C59C-433A-94E9-51BF213B6AE0}.Debug|Any CPU.ActiveCfg = Debug|Any CPU
		{3ECCE4AD-C59C-433A-94E9-51BF213B6AE0}.Debug|Any CPU.Build.0 = Debug|Any CPU
		{3ECCE4AD-C59C-433A-94E9-51BF213B6AE0}.Release|Any CPU.ActiveCfg = Release|Any CPU
		{3ECCE4AD-C59C-433A-94E9-51BF213B6AE0}.Release|Any CPU.Build.0 = Release|Any CPU
	EndGlobalSection
	GlobalSection(SolutionProperties) = preSolution
		HideSolutionNode = FALSE
	EndGlobalSection
	GlobalSection(NestedProjects) = preSolution
		{F0C066F4-2521-4E1B-8FDD-3B4B00D4F4B0} = {7F06855F-DE6F-44E2-A8C7-DAABC1422057}
		{E307667B-3D0A-4B79-82EC-53487B4A0DC4} = {7F06855F-DE6F-44E2-A8C7-DAABC1422057}
		{68BFC9B0-6523-424C-8F19-D80EA6A55174} = {7F06855F-DE6F-44E2-A8C7-DAABC1422057}
		{EC2517C6-C1C6-462C-A273-5462E41584B3} = {02EA681E-C7D8-13C7-8484-4AC65E1B71E8}
		{B3457B4A-22DB-4C69-BC12-CFAF3F696F87} = {02EA681E-C7D8-13C7-8484-4AC65E1B71E8}
		{D5EABEAE-83DF-41A5-B88C-205609BCC9CA} = {00B1B6BC-66EE-4E9B-8FAC-4DFDC67E2980}
		{EB3BBD48-93E8-4941-9395-83FF48160FC4} = {00B1B6BC-66EE-4E9B-8FAC-4DFDC67E2980}
		{0698057C-114B-4E41-866B-A401BF92AA57} = {50C129F1-8623-42A3-B5B1-B42E462F8EB2}
		{009E53BF-756A-499E-9472-09772C8AF97F} = {50C129F1-8623-42A3-B5B1-B42E462F8EB2}
		{E30264FE-CAEF-49B7-A995-0EE23D0C930A} = {46A3E327-66B7-460B-9A44-C274C2D4D237}
		{379D654B-F1B0-4C4D-9A0F-1AA11BE1968D} = {46A3E327-66B7-460B-9A44-C274C2D4D237}
		{9E8249ED-AB4E-455B-B2D7-D109938BA46D} = {A2B04812-06A3-4F84-AF19-35DD831169A1}
		{FF70F29A-6384-4977-A75B-D8B9A8F44C41} = {A2B04812-06A3-4F84-AF19-35DD831169A1}
		{5F52F9BD-858F-401E-B634-2B3EA496BE30} = {EB1A234E-671E-4861-B4A8-F4D7E047517E}
		{51D1BB68-F5C2-4B91-A089-9621B5CA1E71} = {EB1A234E-671E-4861-B4A8-F4D7E047517E}
		{32B282E3-CEFD-4718-8F57-14D7E91B7F89} = {CEAA6917-CB9E-4434-A609-7AD06EF21372}
		{A8E18B25-439C-43A4-89BF-53C57BAD7991} = {CEAA6917-CB9E-4434-A609-7AD06EF21372}
		{A90CF889-A721-460C-81BB-152B480F54C5} = {93BFA314-9331-47C1-831A-0D8394F1667F}
		{1699375E-8B1C-4767-9DA4-FCE4BC264290} = {93BFA314-9331-47C1-831A-0D8394F1667F}
		{B4C0CE5C-48CA-435D-958E-5702D11DB4EB} = {ED8296EC-5E76-478F-B68C-85B9653DC5E7}
		{96FDAD58-839C-4243-864D-3C750B672E10} = {ED8296EC-5E76-478F-B68C-85B9653DC5E7}
		{0D767634-56BE-42B3-A397-7B56BBECD4B9} = {A2B04812-06A3-4F84-AF19-35DD831169A1}
		{867D1A88-DFB7-449B-BDF7-12B503C1B947} = {EB1A234E-671E-4861-B4A8-F4D7E047517E}
		{AA174D46-93C2-4034-943C-19FC66B320FA} = {02EA681E-C7D8-13C7-8484-4AC65E1B71E8}
		{D1B605FA-51F8-471B-B42F-DA20B0966F7C} = {CEAA6917-CB9E-4434-A609-7AD06EF21372}
		{3CFF40F5-700C-4112-9F67-9AD97CDCB3FC} = {93BFA314-9331-47C1-831A-0D8394F1667F}
		{DD108DDC-B152-422F-A640-893FD771BA67} = {ED8296EC-5E76-478F-B68C-85B9653DC5E7}
		{3EC593DE-E3C2-434D-A7D8-F80BE3D01F9E} = {00B1B6BC-66EE-4E9B-8FAC-4DFDC67E2980}
		{E1FFBA59-B142-421E-ACDD-1DDAE8AC7C68} = {50C129F1-8623-42A3-B5B1-B42E462F8EB2}
		{E4965936-DD6D-4A21-BDAB-5FDE9FD096AE} = {46A3E327-66B7-460B-9A44-C274C2D4D237}
		{9C595624-FF75-44E0-90E2-570D5DE0B6E0} = {2481ABEE-9B3A-4746-BFC3-B3CACEE0E779}
		{D3EFA97E-1FAB-422E-B485-AAFEC902134C} = {2481ABEE-9B3A-4746-BFC3-B3CACEE0E779}
		{90A6E58F-CE9B-47CB-962F-4C49A3D9D3D2} = {2481ABEE-9B3A-4746-BFC3-B3CACEE0E779}
		{5DE95332-DDAE-4F05-AA40-B68A319C01E6} = {75F7323B-2A27-437E-BDE8-D14D8C05F2E7}
		{459CBCE2-0ACE-4A37-9F07-2332228BADBC} = {75F7323B-2A27-437E-BDE8-D14D8C05F2E7}
		{2B7D53D7-FC30-4C27-BF7E-EC470E575D90} = {75F7323B-2A27-437E-BDE8-D14D8C05F2E7}
		{94C3D947-FD74-4C3C-9EBF-F09CE9ED9585} = {6E8308C2-5EA2-423A-A975-D29A3FB5FB07}
		{516E9265-6F74-47E9-B080-DE9B80C9D002} = {6E8308C2-5EA2-423A-A975-D29A3FB5FB07}
		{84637C79-8859-477E-AEA9-959EA56F56A6} = {6E8308C2-5EA2-423A-A975-D29A3FB5FB07}
		{395C8886-9D2D-44DE-8E2A-82A91CBE8901} = {5B607919-4080-44C5-97A1-3090435A5C01}
		{EEDF669A-90F8-4F70-ABB4-32080686021F} = {5B607919-4080-44C5-97A1-3090435A5C01}
		{429C70BA-E873-4DF2-B29E-6C114F1AD9C3} = {5B607919-4080-44C5-97A1-3090435A5C01}
		{944155CC-7794-4850-95CB-5F184E257C6F} = {7ED006FB-26E0-4A5B-B1DD-A5B2C76BA149}
		{FF4C43BB-82AE-46F7-BCE7-E0B984BAD4A9} = {7ED006FB-26E0-4A5B-B1DD-A5B2C76BA149}
		{58467010-FA25-4740-90F1-696054022D15} = {7ED006FB-26E0-4A5B-B1DD-A5B2C76BA149}
		{1FEE729A-3E77-4B31-BA41-68FD481EBD3C} = {40B19C30-A9CC-49DC-8269-BBE302EE7C67}
		{D88F1DB1-A7DF-4FE8-8262-6172809D5AB9} = {40B19C30-A9CC-49DC-8269-BBE302EE7C67}
		{18BA6BDC-77EE-4820-A7FD-91B33B4D7B16} = {40B19C30-A9CC-49DC-8269-BBE302EE7C67}
		{DED605E1-7251-4BC3-8850-63915F1F5257} = {5BF5F2D0-E407-48D7-AEC6-C736B8E77D18}
		{40766967-8C0A-455C-97DF-DB713E805686} = {5BF5F2D0-E407-48D7-AEC6-C736B8E77D18}
		{F774A454-BB15-4887-8E0D-F5274DAF1EBB} = {5BF5F2D0-E407-48D7-AEC6-C736B8E77D18}
		{0BB6C090-A8B5-4168-BAEA-3B9D85849605} = {6FBC6FF5-D661-4212-9194-599E0B61AF44}
		{78C82B9F-275D-41EE-8A8A-935FDC976BAB} = {6FBC6FF5-D661-4212-9194-599E0B61AF44}
		{C175B20F-AD51-47DC-9378-810D82B07766} = {6FBC6FF5-D661-4212-9194-599E0B61AF44}
		{8F81E701-221A-40B6-892D-D63822E62164} = {8D56F880-6759-4523-B20E-46B4F53605F6}
		{44F16C06-3D79-4D97-85BA-0EC7AE88C83A} = {8D56F880-6759-4523-B20E-46B4F53605F6}
		{BFB7FB54-DA1B-4DFE-8AB6-35C4EACA1091} = {8D56F880-6759-4523-B20E-46B4F53605F6}
		{80462D26-8DAA-4D1B-8F58-1921CCD8AA61} = {BB6C44CF-1000-4433-BEE2-A0FA465BB838}
		{06ED9805-20E8-42C2-A6B8-51743C64804A} = {BB6C44CF-1000-4433-BEE2-A0FA465BB838}
		{3C220489-8D03-4A10-BFA1-E62A83C5C660} = {BB6C44CF-1000-4433-BEE2-A0FA465BB838}
		{649601AA-F63F-4598-B744-9C328C094630} = {59451A2D-3843-4B71-9E74-DCD9DE574C78}
		{A0A6C266-F00F-4C87-B244-7B641A55E723} = {59451A2D-3843-4B71-9E74-DCD9DE574C78}
		{9063C605-1925-4D74-A2DD-F65416836FFC} = {59451A2D-3843-4B71-9E74-DCD9DE574C78}
		{58F21AB4-731A-4665-BDD2-1F5D6150BE1F} = {F08A2406-C25A-441B-B0F8-B1427D3A76D0}
		{FBD760BB-31EB-428F-9129-823607A3656A} = {F08A2406-C25A-441B-B0F8-B1427D3A76D0}
		{3ECCE4AD-C59C-433A-94E9-51BF213B6AE0} = {F08A2406-C25A-441B-B0F8-B1427D3A76D0}
	EndGlobalSection
	GlobalSection(ExtensibilityGlobals) = postSolution
		SolutionGuid = {1ACFD675-9D01-453A-8328-9090D8BF52DD}
	EndGlobalSection
EndGlobal
